<?xml version="1.0" encoding="utf-8"?>
<Project ToolsVersion="4.0" xmlns="http://schemas.microsoft.com/developer/msbuild/2003">
  <ItemGroup>
    <Filter Include="源文件">
      <UniqueIdentifier>{4FC737F1-C7A5-4376-A066-2A32D752A2FF}</UniqueIdentifier>
      <Extensions>cpp;c;cc;cxx;c++;cppm;ixx;def;odl;idl;hpj;bat;asm;asmx</Extensions>
    </Filter>
    <Filter Include="头文件">
      <UniqueIdentifier>{93995380-89BD-4b04-88EB-625FBE52EBFB}</UniqueIdentifier>
      <Extensions>h;hh;hpp;hxx;h++;hm;inl;inc;ipp;xsd</Extensions>
    </Filter>
    <Filter Include="资源文件">
      <UniqueIdentifier>{67DA6AB6-F800-4c08-8B7A-83BB121AAD01}</UniqueIdentifier>
      <Extensions>rc;ico;cur;bmp;dlg;rc2;rct;bin;rgs;gif;jpg;jpeg;jpe;resx;tiff;tif;png;wav;mfcribbon-ms</Extensions>
    </Filter>
    <Filter Include="头文件\tools">
      <UniqueIdentifier>{eaca62b7-aa5d-4b7b-98bb-2fcaa171c562}</UniqueIdentifier>
    </Filter>
    <Filter Include="头文件\hero">
      <UniqueIdentifier>{8f5a6c1f-a0bc-49ee-ba8c-94a215b96621}</UniqueIdentifier>
    </Filter>
    <Filter Include="源文件\Player">
      <UniqueIdentifier>{1b41d4bd-df46-4f4c-912b-b805b07e1df5}</UniqueIdentifier>
    </Filter>
    <Filter Include="头文件\Player">
      <UniqueIdentifier>{2c10c1a7-d56d-4e19-8f35-1b2e6ea215db}</UniqueIdentifier>
    </Filter>
    <Filter Include="源文件\Tools">
      <UniqueIdentifier>{1e57ff11-ca43-4b21-a416-78ccbae5b78c}</UniqueIdentifier>
    </Filter>
    <Filter Include="头文件\SystemPlatform">
      <UniqueIdentifier>{f8334fb6-9d55-44b5-9d4e-22e5ea925143}</UniqueIdentifier>
    </Filter>
    <Filter Include="头文件\Crad">
      <UniqueIdentifier>{99c76e66-db3d-4467-977e-15c12118b5c1}</UniqueIdentifier>
    </Filter>
    <Filter Include="源文件\SystemPlatform">
      <UniqueIdentifier>{8c152a30-72c3-40cc-889a-5698f1d0623b}</UniqueIdentifier>
    </Filter>
    <Filter Include="头文件\SystemPlatform\Platform">
      <UniqueIdentifier>{e1f3ddd2-a512-4784-b92e-f1b64592bd71}</UniqueIdentifier>
    </Filter>
  </ItemGroup>
  <ItemGroup>
    <ClCompile Include="main.cpp">
      <Filter>源文件</Filter>
    </ClCompile>
    <ClCompile Include="File.cpp">
      <Filter>源文件\Tools</Filter>
    </ClCompile>
    <ClCompile Include="Player.cpp">
      <Filter>源文件\Player</Filter>
    </ClCompile>
    <ClCompile Include="FrameWork.cpp">
      <Filter>源文件</Filter>
    </ClCompile>
    <ClCompile Include="SHELL.cpp">
      <Filter>源文件\SystemPlatform</Filter>
    </ClCompile>
    <ClCompile Include="Out.h">
      <Filter>头文件\tools</Filter>
    </ClCompile>
    <ClCompile Include="out.cpp">
      <Filter>源文件\Tools</Filter>
    </ClCompile>
    <ClCompile Include="ToolsCommon.cpp">
      <Filter>源文件\Tools</Filter>
    </ClCompile>
    <ClCompile Include="Input.cpp">
      <Filter>源文件\Tools</Filter>
    </ClCompile>
    <ClCompile Include="QTANDShell.h">
      <Filter>头文件\SystemPlatform</Filter>
    </ClCompile>
    <ClCompile Include="WindowsPlatformcpp.cpp">
      <Filter>源文件\SystemPlatform</Filter>
    </ClCompile>
  </ItemGroup>
  <ItemGroup>
    <ClInclude Include="Player.h">
      <Filter>头文件\Player</Filter>
    </ClInclude>
    <ClInclude Include="Common.h">
      <Filter>头文件</Filter>
    </ClInclude>
    <ClInclude Include="Core.h">
      <Filter>头文件</Filter>
    </ClInclude>
    <ClInclude Include="File.h">
      <Filter>头文件\tools</Filter>
    </ClInclude>
    <ClInclude Include="MySQL.h">
      <Filter>头文件\tools</Filter>
    </ClInclude>
    <ClInclude Include="FrameWork.h">
      <Filter>头文件</Filter>
    </ClInclude>
    <ClInclude Include="ToolsCommon.h">
      <Filter>头文件\tools</Filter>
    </ClInclude>
    <ClInclude Include="Tools.h">
      <Filter>头文件\tools</Filter>
    </ClInclude>
    <ClInclude Include="Input.h">
      <Filter>头文件\tools</Filter>
    </ClInclude>
    <ClInclude Include="Platform.h">
      <Filter>头文件\SystemPlatform\Platform</Filter>
    </ClInclude>
    <ClInclude Include="PlatformCommon.h">
      <Filter>头文件\SystemPlatform\Platform</Filter>
    </ClInclude>
    <ClInclude Include="LinuxPlatform.h">
      <Filter>头文件\SystemPlatform\Platform</Filter>
    </ClInclude>
    <ClInclude Include="WindowsPlatform.h">
      <Filter>头文件\SystemPlatform\Platform</Filter>
    </ClInclude>
    <ClInclude Include="SHELL.h">
      <Filter>头文件\SystemPlatform</Filter>
    </ClInclude>
    <ClInclude Include="QT.h">
      <Filter>头文件\SystemPlatform</Filter>
    </ClInclude>
  </ItemGroup>
</Project>